{
  "version": 4,
  "terraform_version": "1.7.5",
  "serial": 4,
  "lineage": "6a50fa8e-459f-20f3-b210-a2b7c8a64e6f",
  "outputs": {
    "service_account_email": {
      "value": "a-example1@terraform-vm-415814.iam.gserviceaccount.com",
      "type": "string"
    }
  },
  "resources": [
    {
      "mode": "data",
      "type": "google_service_account",
      "name": "example",
      "provider": "provider[\"registry.terraform.io/hashicorp/google\"]",
      "instances": [
        {
          "schema_version": 0,
          "attributes": {
            "account_id": "a-example1",
            "display_name": "sa-1",
            "email": "a-example1@terraform-vm-415814.iam.gserviceaccount.com",
            "id": "projects/terraform-vm-415814/serviceAccounts/a-example1@terraform-vm-415814.iam.gserviceaccount.com",
            "name": "projects/terraform-vm-415814/serviceAccounts/a-example1@terraform-vm-415814.iam.gserviceaccount.com",
            "project": "terraform-vm-415814",
            "unique_id": "106550823469008338688"
          },
          "sensitive_attributes": []
        }
      ]
    },
    {
      "mode": "managed",
      "type": "google_service_account",
      "name": "example",
      "provider": "provider[\"registry.terraform.io/hashicorp/google\"]",
      "instances": [
        {
          "schema_version": 0,
          "attributes": {
            "account_id": "a-example1",
            "description": "",
            "disabled": false,
            "display_name": "sa-1",
            "email": "a-example1@terraform-vm-415814.iam.gserviceaccount.com",
            "id": "projects/terraform-vm-415814/serviceAccounts/a-example1@terraform-vm-415814.iam.gserviceaccount.com",
            "name": "projects/terraform-vm-415814/serviceAccounts/a-example1@terraform-vm-415814.iam.gserviceaccount.com",
            "project": "terraform-vm-415814",
            "timeouts": null,
            "unique_id": "106550823469008338688"
          },
          "sensitive_attributes": [],
          "private": "eyJlMmJmYjczMC1lY2FhLTExZTYtOGY4OC0zNDM2M2JjN2M0YzAiOnsiY3JlYXRlIjozMDAwMDAwMDAwMDB9fQ=="
        }
      ]
    }
  ],
  "check_results": null
}
